
Microsoft Visual Studio Solution File, Format Version 12.00
# Visual Studio Version 17
VisualStudioVersion = 17.3.32819.101
MinimumVisualStudioVersion = 10.0.40219.1
Project("{FAE04EC0-301F-11D3-BF4B-00C04F79EFBC}") = "Filmy", "Filmy.csproj", "{F91A2232-4DCE-4A79-99A7-CAE9AEA80BCD}"
EndProject
Global
	GlobalSection(SolutionConfigurationPlatforms) = preSolution
		Debug|Any CPU = Debug|Any CPU
		Release|Any CPU = Release|Any CPU
	EndGlobalSection
	GlobalSection(ProjectConfigurationPlatforms) = postSolution
		{F91A2232-4DCE-4A79-99A7-CAE9AEA80BCD}.Debug|Any CPU.ActiveCfg = Debug|Any CPU
		{F91A2232-4DCE-4A79-99A7-CAE9AEA80BCD}.Debug|Any CPU.Build.0 = Debug|Any CPU
		{F91A2232-4DCE-4A79-99A7-CAE9AEA80BCD}.Release|Any CPU.ActiveCfg = Release|Any CPU
		{F91A2232-4DCE-4A79-99A7-CAE9AEA80BCD}.Release|Any CPU.Build.0 = Release|Any CPU
	EndGlobalSection
	GlobalSection(SolutionProperties) = preSolution
		HideSolutionNode = FALSE
	EndGlobalSection
	GlobalSection(ExtensibilityGlobals) = postSolution
		SolutionGuid = {D1A9D0F0-07DB-459D-AE15-57806465A98C}
	EndGlobalSection
EndGlobal
